
Microsoft Visual Studio Solution File, Format Version 12.00
# Visual Studio Version 16
VisualStudioVersion = 16.0.32106.194
MinimumVisualStudioVersion = 10.0.40219.1
Project("{FAE04EC0-301F-11D3-BF4B-00C04F79EFBC}") = "Allo-Docteur", "Allo-Docteur\Allo-Docteur.csproj", "{37DC184B-B7F3-4F6B-9889-3B83FFDCAC55}"
EndProject
Global
	GlobalSection(SolutionConfigurationPlatforms) = preSolution
		Debug|Any CPU = Debug|Any CPU
		Release|Any CPU = Release|Any CPU
	EndGlobalSection
	GlobalSection(ProjectConfigurationPlatforms) = postSolution
		{37DC184B-B7F3-4F6B-9889-3B83FFDCAC55}.Debug|Any CPU.ActiveCfg = Debug|Any CPU
		{37DC184B-B7F3-4F6B-9889-3B83FFDCAC55}.Debug|Any CPU.Build.0 = Debug|Any CPU
		{37DC184B-B7F3-4F6B-9889-3B83FFDCAC55}.Release|Any CPU.ActiveCfg = Release|Any CPU
		{37DC184B-B7F3-4F6B-9889-3B83FFDCAC55}.Release|Any CPU.Build.0 = Release|Any CPU
	EndGlobalSection
	GlobalSection(SolutionProperties) = preSolution
		HideSolutionNode = FALSE
	EndGlobalSection
	GlobalSection(ExtensibilityGlobals) = postSolution
		SolutionGuid = {D036FF16-0C98-4419-8053-2B10E2222BCC}
	EndGlobalSection
EndGlobal
